// !$*UTF8*$!
{
	archiveVersion = 1;
	classes = {
	};
	objectVersion = 77;
	objects = {

/* Begin PBXContainerItemProxy section */
		DBD1C3BE2D62D610007EC159 /* PBXContainerItemProxy */ = {
			isa = PBXContainerItemProxy;
			containerPortal = DBD1C39F2D62D60F007EC159 /* Project object */;
			proxyType = 1;
			remoteGlobalIDString = DBD1C3A62D62D60F007EC159;
			remoteInfo = "3097-project";
		};
		DBD1C3C82D62D611007EC159 /* PBXContainerItemProxy */ = {
			isa = PBXContainerItemProxy;
			containerPortal = DBD1C39F2D62D60F007EC159 /* Project object */;
			proxyType = 1;
			remoteGlobalIDString = DBD1C3A62D62D60F007EC159;
			remoteInfo = "3097-project";
		};
/* End PBXContainerItemProxy section */

/* Begin PBXFileReference section */
		DBD1C3A72D62D60F007EC159 /* 3097-project.app */ = {isa = PBXFileReference; explicitFileType = wrapper.application; includeInIndex = 0; path = "3097-project.app"; sourceTree = BUILT_PRODUCTS_DIR; };
		DBD1C3BD2D62D610007EC159 /* 3097-projectTests.xctest */ = {isa = PBXFileReference; explicitFileType = wrapper.cfbundle; includeInIndex = 0; path = "3097-projectTests.xctest"; sourceTree = BUILT_PRODUCTS_DIR; };
		DBD1C3C72D62D611007EC159 /* 3097-projectUITests.xctest */ = {isa = PBXFileReference; explicitFileType = wrapper.cfbundle; includeInIndex = 0; path = "3097-projectUITests.xctest"; sourceTree = BUILT_PRODUCTS_DIR; };
/* End PBXFileReference section */

/* Begin PBXFileSystemSynchronizedBuildFileExceptionSet section */
		DBD1C3CF2D62D611007EC159 /* Exceptions for "3097-project" folder in "3097-project" target */ = {
			isa = PBXFileSystemSynchronizedBuildFileExceptionSet;
			membershipExceptions = (
				Info.plist,
			);
			target = DBD1C3A62D62D60F007EC159 /* 3097-project */;
		};
/* End PBXFileSystemSynchronizedBuildFileExceptionSet section */

/* Begin PBXFileSystemSynchronizedRootGroup section */
		DBD1C3A92D62D60F007EC159 /* 3097-project */ = {
			isa = PBXFileSystemSynchronizedRootGroup;
			exceptions = (
				DBD1C3CF2D62D611007EC159 /* Exceptions for "3097-project" folder in "3097-project" target */,
			);
			path = "3097-project";
			sourceTree = "<group>";
		};
		DBD1C3C02D62D610007EC159 /* 3097-projectTests */ = {
			isa = PBXFileSystemSynchronizedRootGroup;
			path = "3097-projectTests";
			sourceTree = "<group>";
		};
		DBD1C3CA2D62D611007EC159 /* 3097-projectUITests */ = {
			isa = PBXFileSystemSynchronizedRootGroup;
			path = "3097-projectUITests";
			sourceTree = "<group>";
		};
/* End PBXFileSystemSynchronizedRootGroup section */

/* Begin PBXFrameworksBuildPhase section */
		DBD1C3A42D62D60F007EC159 /* Frameworks */ = {
			isa = PBXFrameworksBuildPhase;
			buildActionMask = 2147483647;
			files = (
			);
			runOnlyForDeploymentPostprocessing = 0;
		};
		DBD1C3BA2D62D610007EC159 /* Frameworks */ = {
			isa = PBXFrameworksBuildPhase;
			buildActionMask = 2147483647;
			files = (
			);
			runOnlyForDeploymentPostprocessing = 0;
		};
		DBD1C3C42D62D611007EC159 /* Frameworks */ = {
			isa = PBXFrameworksBuildPhase;
			buildActionMask = 2147483647;
			files = (
			);
			runOnlyForDeploymentPostprocessing = 0;
		};
/* End PBXFrameworksBuildPhase section */

/* Begin PBXGroup section */
		DBD1C39E2D62D60F007EC159 = {
			isa = PBXGroup;
			children = (
				DBD1C3A92D62D60F007EC159 /* 3097-project */,
				DBD1C3C02D62D610007EC159 /* 3097-projectTests */,
				DBD1C3CA2D62D611007EC159 /* 3097-projectUITests */,
				DBD1C3A82D62D60F007EC159 /* Products */,
			);
			sourceTree = "<group>";
		};
		DBD1C3A82D62D60F007EC159 /* Products */ = {
			isa = PBXGroup;
			children = (
				DBD1C3A72D62D60F007EC159 /* 3097-project.app */,
				DBD1C3BD2D62D610007EC159 /* 3097-projectTests.xctest */,
				DBD1C3C72D62D611007EC159 /* 3097-projectUITests.xctest */,
			);
			name = Products;
			sourceTree = "<group>";
		};
/* End PBXGroup section */

/* Begin PBXNativeTarget section */
		DBD1C3A62D62D60F007EC159 /* 3097-project */ = {
			isa = PBXNativeTarget;
			buildConfigurationList = DBD1C3D02D62D611007EC159 /* Build configuration list for PBXNativeTarget "3097-project" */;
			buildPhases = (
				DBD1C3A32D62D60F007EC159 /* Sources */,
				DBD1C3A42D62D60F007EC159 /* Frameworks */,
				DBD1C3A52D62D60F007EC159 /* Resources */,
			);
			buildRules = (
			);
			dependencies = (
			);
			fileSystemSynchronizedGroups = (
				DBD1C3A92D62D60F007EC159 /* 3097-project */,
			);
			name = "3097-project";
			packageProductDependencies = (
			);
			productName = "3097-project";
			productReference = DBD1C3A72D62D60F007EC159 /* 3097-project.app */;
			productType = "com.apple.product-type.application";
		};
		DBD1C3BC2D62D610007EC159 /* 3097-projectTests */ = {
			isa = PBXNativeTarget;
			buildConfigurationList = DBD1C3D52D62D611007EC159 /* Build configuration list for PBXNativeTarget "3097-projectTests" */;
			buildPhases = (
				DBD1C3B92D62D610007EC159 /* Sources */,
				DBD1C3BA2D62D610007EC159 /* Frameworks */,
				DBD1C3BB2D62D610007EC159 /* Resources */,
			);
			buildRules = (
			);
			dependencies = (
				DBD1C3BF2D62D610007EC159 /* PBXTargetDependency */,
			);
			fileSystemSynchronizedGroups = (
				DBD1C3C02D62D610007EC159 /* 3097-projectTests */,
			);
			name = "3097-projectTests";
			packageProductDependencies = (
			);
			productName = "3097-projectTests";
			productReference = DBD1C3BD2D62D610007EC159 /* 3097-projectTests.xctest */;
			productType = "com.apple.product-type.bundle.unit-test";
		};
		DBD1C3C62D62D611007EC159 /* 3097-projectUITests */ = {
			isa = PBXNativeTarget;
			buildConfigurationList = DBD1C3D82D62D611007EC159 /* Build configuration list for PBXNativeTarget "3097-projectUITests" */;
			buildPhases = (
				DBD1C3C32D62D611007EC159 /* Sources */,
				DBD1C3C42D62D611007EC159 /* Frameworks */,
				DBD1C3C52D62D611007EC159 /* Resources */,
			);
			buildRules = (
			);
			dependencies = (
				DBD1C3C92D62D611007EC159 /* PBXTargetDependency */,
			);
			fileSystemSynchronizedGroups = (
				DBD1C3CA2D62D611007EC159 /* 3097-projectUITests */,
			);
			name = "3097-projectUITests";
			packageProductDependencies = (
			);
			productName = "3097-projectUITests";
			productReference = DBD1C3C72D62D611007EC159 /* 3097-projectUITests.xctest */;
			productType = "com.apple.product-type.bundle.ui-testing";
		};
/* End PBXNativeTarget section */

/* Begin PBXProject section */
		DBD1C39F2D62D60F007EC159 /* Project object */ = {
			isa = PBXProject;
			attributes = {
				BuildIndependentTargetsInParallel = 1;
				LastSwiftUpdateCheck = 1620;
				LastUpgradeCheck = 1620;
				TargetAttributes = {
					DBD1C3A62D62D60F007EC159 = {
						CreatedOnToolsVersion = 16.2;
					};
					DBD1C3BC2D62D610007EC159 = {
						CreatedOnToolsVersion = 16.2;
						TestTargetID = DBD1C3A62D62D60F007EC159;
					};
					DBD1C3C62D62D611007EC159 = {
						CreatedOnToolsVersion = 16.2;
						TestTargetID = DBD1C3A62D62D60F007EC159;
					};
				};
			};
			buildConfigurationList = DBD1C3A22D62D60F007EC159 /* Build configuration list for PBXProject "3097-project" */;
			developmentRegion = en;
			hasScannedForEncodings = 0;
			knownRegions = (
				en,
				Base,
			);
			mainGroup = DBD1C39E2D62D60F007EC159;
			minimizedProjectReferenceProxies = 1;
			preferredProjectObjectVersion = 77;
			productRefGroup = DBD1C3A82D62D60F007EC159 /* Products */;
			projectDirPath = "";
			projectRoot = "";
			targets = (
				DBD1C3A62D62D60F007EC159 /* 3097-project */,
				DBD1C3BC2D62D610007EC159 /* 3097-projectTests */,
				DBD1C3C62D62D611007EC159 /* 3097-projectUITests */,
			);
		};
/* End PBXProject section */

/* Begin PBXResourcesBuildPhase section */
		DBD1C3A52D62D60F007EC159 /* Resources */ = {
			isa = PBXResourcesBuildPhase;
			buildActionMask = 2147483647;
			files = (
			);
			runOnlyForDeploymentPostprocessing = 0;
		};
		DBD1C3BB2D62D610007EC159 /* Resources */ = {
			isa = PBXResourcesBuildPhase;
			buildActionMask = 2147483647;
			files = (
			);
			runOnlyForDeploymentPostprocessing = 0;
		};
		DBD1C3C52D62D611007EC159 /* Resources */ = {
			isa = PBXResourcesBuildPhase;
			buildActionMask = 2147483647;
			files = (
			);
			runOnlyForDeploymentPostprocessing = 0;
		};
/* End PBXResourcesBuildPhase section */

/* Begin PBXSourcesBuildPhase section */
		DBD1C3A32D62D60F007EC159 /* Sources */ = {
			isa = PBXSourcesBuildPhase;
			buildActionMask = 2147483647;
			files = (
			);
			runOnlyForDeploymentPostprocessing = 0;
		};
		DBD1C3B92D62D610007EC159 /* Sources */ = {
			isa = PBXSourcesBuildPhase;
			buildActionMask = 2147483647;
			files = (
			);
			runOnlyForDeploymentPostprocessing = 0;
		};
		DBD1C3C32D62D611007EC159 /* Sources */ = {
			isa = PBXSourcesBuildPhase;
			buildActionMask = 2147483647;
			files = (
			);
			runOnlyForDeploymentPostprocessing = 0;
		};
/* End PBXSourcesBuildPhase section */

/* Begin PBXTargetDependency section */
		DBD1C3BF2D62D610007EC159 /* PBXTargetDependency */ = {
			isa = PBXTargetDependency;
			target = DBD1C3A62D62D60F007EC159 /* 3097-project */;
			targetProxy = DBD1C3BE2D62D610007EC159 /* PBXContainerItemProxy */;
		};
		DBD1C3C92D62D611007EC159 /* PBXTargetDependency */ = {
			isa = PBXTargetDependency;
			target = DBD1C3A62D62D60F007EC159 /* 3097-project */;
			targetProxy = DBD1C3C82D62D611007EC159 /* PBXContainerItemProxy */;
		};
/* End PBXTargetDependency section */

/* Begin XCBuildConfiguration section */
		DBD1C3D12D62D611007EC159 /* Debug */ = {
			isa = XCBuildConfiguration;
			buildSettings = {
				ASSETCATALOG_COMPILER_APPICON_NAME = AppIcon;
				ASSETCATALOG_COMPILER_GLOBAL_ACCENT_COLOR_NAME = AccentColor;
				CODE_SIGN_STYLE = Automatic;
				CURRENT_PROJECT_VERSION = 1;
				GENERATE_INFOPLIST_FILE = YES;
				INFOPLIST_FILE = "3097-project/Info.plist";
				INFOPLIST_KEY_UIApplicationSupportsIndirectInputEvents = YES;
				INFOPLIST_KEY_UILaunchStoryboardName = LaunchScreen;
				INFOPLIST_KEY_UIMainStoryboardFile = Main;
				INFOPLIST_KEY_UISupportedInterfaceOrientations_iPad = "UIInterfaceOrientationPortrait UIInterfaceOrientationPortraitUpsideDown UIInterfaceOrientationLandscapeLeft UIInterfaceOrientationLandscapeRight";
				INFOPLIST_KEY_UISupportedInterfaceOrientations_iPhone = "UIInterfaceOrientationPortrait UIInterfaceOrientationLandscapeLeft UIInterfaceOrientationLandscapeRight";
				LD_RUNPATH_SEARCH_PATHS = (
					"$(inherited)",
					"@executable_path/Frameworks",
				);
				MARKETING_VERSION = 1.0;
				PRODUCT_BUNDLE_IDENTIFIER = "gbc.-097-project";
				PRODUCT_NAME = "$(TARGET_NAME)";
				SWIFT_EMIT_LOC_STRINGS = YES;
				SWIFT_VERSION = 5.0;
				TARGETED_DEVICE_FAMILY = "1,2";
			};
			name = Debug;
		};
		DBD1C3D22D62D611007EC159 /* Release */ = {
			isa = XCBuildConfiguration;
			buildSettings = {
				ASSETCATALOG_COMPILER_APPICON_NAME = AppIcon;
				ASSETCATALOG_COMPILER_GLOBAL_ACCENT_COLOR_NAME = AccentColor;
				CODE_SIGN_STYLE = Automatic;
				CURRENT_PROJECT_VERSION = 1;
				GENERATE_INFOPLIST_FILE = YES;
				INFOPLIST_FILE = "3097-project/Info.plist";
				INFOPLIST_KEY_UIApplicationSupportsIndirectInputEvents = YES;
				INFOPLIST_KEY_UILaunchStoryboardName = LaunchScreen;
				INFOPLIST_KEY_UIMainStoryboardFile = Main;
				INFOPLIST_KEY_UISupportedInterfaceOrientations_iPad = "UIInterfaceOrientationPortrait UIInterfaceOrientationPortraitUpsideDown UIInterfaceOrientationLandscapeLeft UIInterfaceOrientationLandscapeRight";
				INFOPLIST_KEY_UISupportedInterfaceOrientations_iPhone = "UIInterfaceOrientationPortrait UIInterfaceOrientationLandscapeLeft UIInterfaceOrientationLandscapeRight";
				LD_RUNPATH_SEARCH_PATHS = (
					"$(inherited)",
					"@executable_path/Frameworks",
				);
				MARKETING_VERSION = 1.0;
				PRODUCT_BUNDLE_IDENTIFIER = "gbc.-097-project";
				PRODUCT_NAME = "$(TARGET_NAME)";
				SWIFT_EMIT_LOC_STRINGS = YES;
				SWIFT_VERSION = 5.0;
				TARGETED_DEVICE_FAMILY = "1,2";
			};
			name = Release;
		};
		DBD1C3D32D62D611007EC159 /* Debug */ = {
			isa = XCBuildConfiguration;
			buildSettings = {
				ALWAYS_SEARCH_USER_PATHS = NO;
				ASSETCATALOG_COMPILER_GENERATE_SWIFT_ASSET_SYMBOL_EXTENSIONS = YES;
				CLANG_ANALYZER_NONNULL = YES;
				CLANG_ANALYZER_NUMBER_OBJECT_CONVERSION = YES_AGGRESSIVE;
				CLANG_CXX_LANGUAGE_STANDARD = "gnu++20";
				CLANG_ENABLE_MODULES = YES;
				CLANG_ENABLE_OBJC_ARC = YES;
				CLANG_ENABLE_OBJC_WEAK = YES;
				CLANG_WARN_BLOCK_CAPTURE_AUTORELEASING = YES;
				CLANG_WARN_BOOL_CONVERSION = YES;
				CLANG_WARN_COMMA = YES;
				CLANG_WARN_CONSTANT_CONVERSION = YES;
				CLANG_WARN_DEPRECATED_OBJC_IMPLEMENTATIONS = YES;
				CLANG_WARN_DIRECT_OBJC_ISA_USAGE = YES_ERROR;
				CLANG_WARN_DOCUMENTATION_COMMENTS = YES;
				CLANG_WARN_EMPTY_BODY = YES;
				CLANG_WARN_ENUM_CONVERSION = YES;
				CLANG_WARN_INFINITE_RECURSION = YES;
				CLANG_WARN_INT_CONVERSION = YES;
				CLANG_WARN_NON_LITERAL_NULL_CONVERSION = YES;
				CLANG_WARN_OBJC_IMPLICIT_RETAIN_SELF = YES;
				CLANG_WARN_OBJC_LITERAL_CONVERSION = YES;
				CLANG_WARN_OBJC_ROOT_CLASS = YES_ERROR;
				CLANG_WARN_QUOTED_INCLUDE_IN_FRAMEWORK_HEADER = YES;
				CLANG_WARN_RANGE_LOOP_ANALYSIS = YES;
				CLANG_WARN_STRICT_PROTOTYPES = YES;
				CLANG_WARN_SUSPICIOUS_MOVE = YES;
				CLANG_WARN_UNGUARDED_AVAILABILITY = YES_AGGRESSIVE;
				CLANG_WARN_UNREACHABLE_CODE = YES;
				CLANG_WARN__DUPLICATE_METHOD_MATCH = YES;
				COPY_PHASE_STRIP = NO;
				DEBUG_INFORMATION_FORMAT = dwarf;
				ENABLE_STRICT_OBJC_MSGSEND = YES;
				ENABLE_TESTABILITY = YES;
				ENABLE_USER_SCRIPT_SANDBOXING = YES;
				GCC_C_LANGUAGE_STANDARD = gnu17;
				GCC_DYNAMIC_NO_PIC = NO;
				GCC_NO_COMMON_BLOCKS = YES;
				GCC_OPTIMIZATION_LEVEL = 0;
				GCC_PREPROCESSOR_DEFINITIONS = (
					"DEBUG=1",
					"$(inherited)",
				);
				GCC_WARN_64_TO_32_BIT_CONVERSION = YES;
				GCC_WARN_ABOUT_RETURN_TYPE = YES_ERROR;
				GCC_WARN_UNDECLARED_SELECTOR = YES;
				GCC_WARN_UNINITIALIZED_AUTOS = YES_AGGRESSIVE;
				GCC_WARN_UNUSED_FUNCTION = YES;
				GCC_WARN_UNUSED_VARIABLE = YES;
				IPHONEOS_DEPLOYMENT_TARGET = 18.2;
				LOCALIZATION_PREFERS_STRING_CATALOGS = YES;
				MTL_ENABLE_DEBUG_INFO = INCLUDE_SOURCE;
				MTL_FAST_MATH = YES;
				ONLY_ACTIVE_ARCH = YES;
				SDKROOT = iphoneos;
				SWIFT_ACTIVE_COMPILATION_CONDITIONS = "DEBUG $(inherited)";
				SWIFT_OPTIMIZATION_LEVEL = "-Onone";
			};
			name = Debug;
		};
		DBD1C3D42D62D611007EC159 /* Release */ = {
			isa = XCBuildConfiguration;
			buildSettings = {
				ALWAYS_SEARCH_USER_PATHS = NO;
				ASSETCATALOG_COMPILER_GENERATE_SWIFT_ASSET_SYMBOL_EXTENSIONS = YES;
				CLANG_ANALYZER_NONNULL = YES;
				CLANG_ANALYZER_NUMBER_OBJECT_CONVERSION = YES_AGGRESSIVE;
				CLANG_CXX_LANGUAGE_STANDARD = "gnu++20";
				CLANG_ENABLE_MODULES = YES;
				CLANG_ENABLE_OBJC_ARC = YES;
				CLANG_ENABLE_OBJC_WEAK = YES;
				CLANG_WARN_BLOCK_CAPTURE_AUTORELEASING = YES;
				CLANG_WARN_BOOL_CONVERSION = YES;
				CLANG_WARN_COMMA = YES;
				CLANG_WARN_CONSTANT_CONVERSION = YES;
				CLANG_WARN_DEPRECATED_OBJC_IMPLEMENTATIONS = YES;
				CLANG_WARN_DIRECT_OBJC_ISA_USAGE = YES_ERROR;
				CLANG_WARN_DOCUMENTATION_COMMENTS = YES;
				CLANG_WARN_EMPTY_BODY = YES;
				CLANG_WARN_ENUM_CONVERSION = YES;
				CLANG_WARN_INFINITE_RECURSION = YES;
				CLANG_WARN_INT_CONVERSION = YES;
				CLANG_WARN_NON_LITERAL_NULL_CONVERSION = YES;
				CLANG_WARN_OBJC_IMPLICIT_RETAIN_SELF = YES;
				CLANG_WARN_OBJC_LITERAL_CONVERSION = YES;
				CLANG_WARN_OBJC_ROOT_CLASS = YES_ERROR;
				CLANG_WARN_QUOTED_INCLUDE_IN_FRAMEWORK_HEADER = YES;
				CLANG_WARN_RANGE_LOOP_ANALYSIS = YES;
				CLANG_WARN_STRICT_PROTOTYPES = YES;
				CLANG_WARN_SUSPICIOUS_MOVE = YES;
				CLANG_WARN_UNGUARDED_AVAILABILITY = YES_AGGRESSIVE;
				CLANG_WARN_UNREACHABLE_CODE = YES;
				CLANG_WARN__DUPLICATE_METHOD_MATCH = YES;
				COPY_PHASE_STRIP = NO;
				DEBUG_INFORMATION_FORMAT = "dwarf-with-dsym";
				ENABLE_NS_ASSERTIONS = NO;
				ENABLE_STRICT_OBJC_MSGSEND = YES;
				ENABLE_USER_SCRIPT_SANDBOXING = YES;
				GCC_C_LANGUAGE_STANDARD = gnu17;
				GCC_NO_COMMON_BLOCKS = YES;
				GCC_WARN_64_TO_32_BIT_CONVERSION = YES;
				GCC_WARN_ABOUT_RETURN_TYPE = YES_ERROR;
				GCC_WARN_UNDECLARED_SELECTOR = YES;
				GCC_WARN_UNINITIALIZED_AUTOS = YES_AGGRESSIVE;
				GCC_WARN_UNUSED_FUNCTION = YES;
				GCC_WARN_UNUSED_VARIABLE = YES;
				IPHONEOS_DEPLOYMENT_TARGET = 18.2;
				LOCALIZATION_PREFERS_STRING_CATALOGS = YES;
				MTL_ENABLE_DEBUG_INFO = NO;
				MTL_FAST_MATH = YES;
				SDKROOT = iphoneos;
				SWIFT_COMPILATION_MODE = wholemodule;
				VALIDATE_PRODUCT = YES;
			};
			name = Release;
		};
		DBD1C3D62D62D611007EC159 /* Debug */ = {
			isa = XCBuildConfiguration;
			buildSettings = {
				BUNDLE_LOADER = "$(TEST_HOST)";
				CODE_SIGN_STYLE = Automatic;
				CURRENT_PROJECT_VERSION = 1;
				GENERATE_INFOPLIST_FILE = YES;
				IPHONEOS_DEPLOYMENT_TARGET = 18.2;
				MARKETING_VERSION = 1.0;
				PRODUCT_BUNDLE_IDENTIFIER = "gbc.-097-projectTests";
				PRODUCT_NAME = "$(TARGET_NAME)";
				SWIFT_EMIT_LOC_STRINGS = NO;
				SWIFT_VERSION = 5.0;
				TARGETED_DEVICE_FAMILY = "1,2";
				TEST_HOST = "$(BUILT_PRODUCTS_DIR)/3097-project.app/$(BUNDLE_EXECUTABLE_FOLDER_PATH)/3097-project";
			};
			name = Debug;
		};
		DBD1C3D72D62D611007EC159 /* Release */ = {
			isa = XCBuildConfiguration;
			buildSettings = {
				BUNDLE_LOADER = "$(TEST_HOST)";
				CODE_SIGN_STYLE = Automatic;
				CURRENT_PROJECT_VERSION = 1;
				GENERATE_INFOPLIST_FILE = YES;
				IPHONEOS_DEPLOYMENT_TARGET = 18.2;
				MARKETING_VERSION = 1.0;
				PRODUCT_BUNDLE_IDENTIFIER = "gbc.-097-projectTests";
				PRODUCT_NAME = "$(TARGET_NAME)";
				SWIFT_EMIT_LOC_STRINGS = NO;
				SWIFT_VERSION = 5.0;
				TARGETED_DEVICE_FAMILY = "1,2";
				TEST_HOST = "$(BUILT_PRODUCTS_DIR)/3097-project.app/$(BUNDLE_EXECUTABLE_FOLDER_PATH)/3097-project";
			};
			name = Release;
		};
		DBD1C3D92D62D611007EC159 /* Debug */ = {
			isa = XCBuildConfiguration;
			buildSettings = {
				CODE_SIGN_STYLE = Automatic;
				CURRENT_PROJECT_VERSION = 1;
				GENERATE_INFOPLIST_FILE = YES;
				MARKETING_VERSION = 1.0;
				PRODUCT_BUNDLE_IDENTIFIER = "gbc.-097-projectUITests";
				PRODUCT_NAME = "$(TARGET_NAME)";
				SWIFT_EMIT_LOC_STRINGS = NO;
				SWIFT_VERSION = 5.0;
				TARGETED_DEVICE_FAMILY = "1,2";
				TEST_TARGET_NAME = "3097-project";
			};
			name = Debug;
		};
		DBD1C3DA2D62D611007EC159 /* Release */ = {
			isa = XCBuildConfiguration;
			buildSettings = {
				CODE_SIGN_STYLE = Automatic;
				CURRENT_PROJECT_VERSION = 1;
				GENERATE_INFOPLIST_FILE = YES;
				MARKETING_VERSION = 1.0;
				PRODUCT_BUNDLE_IDENTIFIER = "gbc.-097-projectUITests";
				PRODUCT_NAME = "$(TARGET_NAME)";
				SWIFT_EMIT_LOC_STRINGS = NO;
				SWIFT_VERSION = 5.0;
				TARGETED_DEVICE_FAMILY = "1,2";
				TEST_TARGET_NAME = "3097-project";
			};
			name = Release;
		};
/* End XCBuildConfiguration section */

/* Begin XCConfigurationList section */
		DBD1C3A22D62D60F007EC159 /* Build configuration list for PBXProject "3097-project" */ = {
			isa = XCConfigurationList;
			buildConfigurations = (
				DBD1C3D32D62D611007EC159 /* Debug */,
				DBD1C3D42D62D611007EC159 /* Release */,
			);
			defaultConfigurationIsVisible = 0;
			defaultConfigurationName = Release;
		};
		DBD1C3D02D62D611007EC159 /* Build configuration list for PBXNativeTarget "3097-project" */ = {
			isa = XCConfigurationList;
			buildConfigurations = (
				DBD1C3D12D62D611007EC159 /* Debug */,
				DBD1C3D22D62D611007EC159 /* Release */,
			);
			defaultConfigurationIsVisible = 0;
			defaultConfigurationName = Release;
		};
		DBD1C3D52D62D611007EC159 /* Build configuration list for PBXNativeTarget "3097-projectTests" */ = {
			isa = XCConfigurationList;
			buildConfigurations = (
				DBD1C3D62D62D611007EC159 /* Debug */,
				DBD1C3D72D62D611007EC159 /* Release */,
			);
			defaultConfigurationIsVisible = 0;
			defaultConfigurationName = Release;
		};
		DBD1C3D82D62D611007EC159 /* Build configuration list for PBXNativeTarget "3097-projectUITests" */ = {
			isa = XCConfigurationList;
			buildConfigurations = (
				DBD1C3D92D62D611007EC159 /* Debug */,
				DBD1C3DA2D62D611007EC159 /* Release */,
			);
			defaultConfigurationIsVisible = 0;
			defaultConfigurationName = Release;
		};
/* End XCConfigurationList section */
	};
	rootObject = DBD1C39F2D62D60F007EC159 /* Project object */;
}
